
Microsoft Visual Studio Solution File, Format Version 12.00
# Visual Studio Version 17
VisualStudioVersion = 17.7.34031.279
MinimumVisualStudioVersion = 10.0.40219.1
Project("{F184B08F-C81C-45F6-A57F-5ABD9991F28F}") = "OOXX_extend", "OOXX_extend.vbproj", "{32B9377E-1F25-41F4-8D86-F6656F5E27EF}"
EndProject
Global
	GlobalSection(SolutionConfigurationPlatforms) = preSolution
		Debug|Any CPU = Debug|Any CPU
		Release|Any CPU = Release|Any CPU
	EndGlobalSection
	GlobalSection(ProjectConfigurationPlatforms) = postSolution
		{32B9377E-1F25-41F4-8D86-F6656F5E27EF}.Debug|Any CPU.ActiveCfg = Debug|Any CPU
		{32B9377E-1F25-41F4-8D86-F6656F5E27EF}.Debug|Any CPU.Build.0 = Debug|Any CPU
		{32B9377E-1F25-41F4-8D86-F6656F5E27EF}.Release|Any CPU.ActiveCfg = Release|Any CPU
		{32B9377E-1F25-41F4-8D86-F6656F5E27EF}.Release|Any CPU.Build.0 = Release|Any CPU
	EndGlobalSection
	GlobalSection(SolutionProperties) = preSolution
		HideSolutionNode = FALSE
	EndGlobalSection
	GlobalSection(ExtensibilityGlobals) = postSolution
		SolutionGuid = {3079F385-28D9-449D-BAD8-11EFBBB78319}
	EndGlobalSection
EndGlobal
